
Microsoft Visual Studio Solution File, Format Version 12.00
# Visual Studio 15
VisualStudioVersion = 15.0.28010.2046
MinimumVisualStudioVersion = 10.0.40219.1
Project("{FAE04EC0-301F-11D3-BF4B-00C04F79EFBC}") = "cs_lesson3.1", "cs_lesson3.1\cs_lesson3.1.csproj", "{61703A99-F9D3-4C71-AAB6-649618EAE692}"
EndProject
Global
	GlobalSection(SolutionConfigurationPlatforms) = preSolution
		Debug|Any CPU = Debug|Any CPU
		Release|Any CPU = Release|Any CPU
	EndGlobalSection
	GlobalSection(ProjectConfigurationPlatforms) = postSolution
		{61703A99-F9D3-4C71-AAB6-649618EAE692}.Debug|Any CPU.ActiveCfg = Debug|Any CPU
		{61703A99-F9D3-4C71-AAB6-649618EAE692}.Debug|Any CPU.Build.0 = Debug|Any CPU
		{61703A99-F9D3-4C71-AAB6-649618EAE692}.Release|Any CPU.ActiveCfg = Release|Any CPU
		{61703A99-F9D3-4C71-AAB6-649618EAE692}.Release|Any CPU.Build.0 = Release|Any CPU
	EndGlobalSection
	GlobalSection(SolutionProperties) = preSolution
		HideSolutionNode = FALSE
	EndGlobalSection
	GlobalSection(ExtensibilityGlobals) = postSolution
		SolutionGuid = {C7164BC2-30E2-4511-8214-E14819DC0B62}
	EndGlobalSection
EndGlobal
